
Microsoft Visual Studio Solution File, Format Version 11.00
# Visual Studio 2010
Project("{FAE04EC0-301F-11D3-BF4B-00C04F79EFBC}") = "platformer-3d", "Assembly-CSharp.csproj", "{440B5D84-4C62-280C-B0AB-62CA1875DAEC}"
EndProject
Global
	GlobalSection(SolutionConfigurationPlatforms) = preSolution
		Debug|Any CPU = Debug|Any CPU
		Release|Any CPU = Release|Any CPU
	EndGlobalSection
	GlobalSection(ProjectConfigurationPlatforms) = postSolution
		{440B5D84-4C62-280C-B0AB-62CA1875DAEC}.Debug|Any CPU.ActiveCfg = Debug|Any CPU
		{440B5D84-4C62-280C-B0AB-62CA1875DAEC}.Debug|Any CPU.Build.0 = Debug|Any CPU
		{440B5D84-4C62-280C-B0AB-62CA1875DAEC}.Release|Any CPU.ActiveCfg = Release|Any CPU
		{440B5D84-4C62-280C-B0AB-62CA1875DAEC}.Release|Any CPU.Build.0 = Release|Any CPU
	EndGlobalSection
	GlobalSection(SolutionProperties) = preSolution
		HideSolutionNode = FALSE
	EndGlobalSection
	GlobalSection(MonoDevelopProperties) = preSolution
		StartupItem = Assembly-CSharp.csproj
	EndGlobalSection
EndGlobal
